
Microsoft Visual Studio Solution File, Format Version 12.00
# Visual Studio 15
VisualStudioVersion = 15.0.27428.2043
MinimumVisualStudioVersion = 10.0.40219.1
Project("{E24C65DC-7377-472B-9ABA-BC803B73C61A}") = "SistemaPRM", "SistemaPRM\", "{C24B8E22-805D-4154-8499-56FC1896DE3D}"
	ProjectSection(WebsiteProperties) = preProject
		TargetFrameworkMoniker = ".NETFramework,Version%3Dv4.5"
		Debug.AspNetCompiler.VirtualPath = "/localhost_50471"
		Debug.AspNetCompiler.PhysicalPath = "SistemaPRM\"
		Debug.AspNetCompiler.TargetPath = "PrecompiledWeb\localhost_50471\"
		Debug.AspNetCompiler.Updateable = "true"
		Debug.AspNetCompiler.ForceOverwrite = "true"
		Debug.AspNetCompiler.FixedNames = "false"
		Debug.AspNetCompiler.Debug = "True"
		Release.AspNetCompiler.VirtualPath = "/localhost_50471"
		Release.AspNetCompiler.PhysicalPath = "SistemaPRM\"
		Release.AspNetCompiler.TargetPath = "PrecompiledWeb\localhost_50471\"
		Release.AspNetCompiler.Updateable = "true"
		Release.AspNetCompiler.ForceOverwrite = "true"
		Release.AspNetCompiler.FixedNames = "false"
		Release.AspNetCompiler.Debug = "False"
		VWDPort = "50471"
		SlnRelativePath = "SistemaPRM\"
		DefaultWebSiteLanguage = "Visual C#"
	EndProjectSection
EndProject
Project("{E24C65DC-7377-472B-9ABA-BC803B73C61A}") = "PRM", "PRM\", "{1738D295-14DB-4772-ABE8-FDBCDBBDB705}"
	ProjectSection(WebsiteProperties) = preProject
		TargetFrameworkMoniker = ".NETFramework,Version%3Dv4.5"
		Debug.AspNetCompiler.VirtualPath = "/localhost_52760"
		Debug.AspNetCompiler.PhysicalPath = "PRM\"
		Debug.AspNetCompiler.TargetPath = "PrecompiledWeb\localhost_52760\"
		Debug.AspNetCompiler.Updateable = "true"
		Debug.AspNetCompiler.ForceOverwrite = "true"
		Debug.AspNetCompiler.FixedNames = "false"
		Debug.AspNetCompiler.Debug = "True"
		Release.AspNetCompiler.VirtualPath = "/localhost_52760"
		Release.AspNetCompiler.PhysicalPath = "PRM\"
		Release.AspNetCompiler.TargetPath = "PrecompiledWeb\localhost_52760\"
		Release.AspNetCompiler.Updateable = "true"
		Release.AspNetCompiler.ForceOverwrite = "true"
		Release.AspNetCompiler.FixedNames = "false"
		Release.AspNetCompiler.Debug = "False"
		VWDPort = "52760"
		DefaultWebSiteLanguage = "Visual C#"
	EndProjectSection
EndProject
Global
	GlobalSection(SolutionConfigurationPlatforms) = preSolution
		Debug|Any CPU = Debug|Any CPU
	EndGlobalSection
	GlobalSection(ProjectConfigurationPlatforms) = postSolution
		{C24B8E22-805D-4154-8499-56FC1896DE3D}.Debug|Any CPU.ActiveCfg = Debug|Any CPU
		{C24B8E22-805D-4154-8499-56FC1896DE3D}.Debug|Any CPU.Build.0 = Debug|Any CPU
		{1738D295-14DB-4772-ABE8-FDBCDBBDB705}.Debug|Any CPU.ActiveCfg = Debug|Any CPU
		{1738D295-14DB-4772-ABE8-FDBCDBBDB705}.Debug|Any CPU.Build.0 = Debug|Any CPU
	EndGlobalSection
	GlobalSection(SolutionProperties) = preSolution
		HideSolutionNode = FALSE
	EndGlobalSection
	GlobalSection(ExtensibilityGlobals) = postSolution
		SolutionGuid = {342FE6EC-B726-4B82-98E7-595F3310B3A2}
	EndGlobalSection
EndGlobal
